{
  "name": "clase33.codersumador",
  "version": "1.0.0",
  "lockfileVersion": 3,
  "requires": true,
  "packages": {
    "": {
      "name": "clase33.codersumador",
      "version": "1.0.0",
      "license": "ISC",
      "dependencies": {
        "codersumador": "^0.1.0"
      }
    },
    "node_modules/codersumador": {
      "version": "0.1.0",
      "resolved": "https://registry.npmjs.org/codersumador/-/codersumador-0.1.0.tgz",
      "integrity": "sha512-M6qUP2ToDIisDlfPRJMFmoebgfoUD5aO3aW2c5u0yhQWhS6+o8r3uMMG1naBJbk7FZVInVEfIA28gXMMfFqy/g=="
    }
  }
}
